
Microsoft Visual Studio Solution File, Format Version 12.00
# Visual Studio Version 17
VisualStudioVersion = 17.0.31903.59
MinimumVisualStudioVersion = 10.0.40219.1
Project("{2150E333-8FDC-42A3-9474-1A3956D46DE8}") = "src", "src", "{827E0CD3-B72D-47B6-A68D-7590B98EB39B}"
EndProject
Project("{FAE04EC0-301F-11D3-BF4B-00C04F79EFBC}") = "TimelineAnimations.App", "src\TimelineAnimations.App\TimelineAnimations.App.csproj", "{5FEA64E3-BCAB-4373-9377-913028DCC37E}"
EndProject
Project("{2150E333-8FDC-42A3-9474-1A3956D46DE8}") = "tests", "tests", "{0AB3BF05-4346-4AA6-1389-037BE0695223}"
EndProject
Project("{FAE04EC0-301F-11D3-BF4B-00C04F79EFBC}") = "TimelineAnimations.App.Tests", "tests\TimelineAnimations.App.Tests\TimelineAnimations.App.Tests.csproj", "{9F7B747A-033E-4FCA-ACE1-CC0C4FE6F76F}"
EndProject
Project("{FAE04EC0-301F-11D3-BF4B-00C04F79EFBC}") = "TimelineAnimations.Core", "src\TimelineAnimations.Core\TimelineAnimations.Core.csproj", "{9C2B4FFD-BAF1-49CB-8DB5-A9AC2B636B69}"
EndProject
Global
	GlobalSection(SolutionConfigurationPlatforms) = preSolution
		Debug|Any CPU = Debug|Any CPU
		Debug|x64 = Debug|x64
		Debug|x86 = Debug|x86
		Release|Any CPU = Release|Any CPU
		Release|x64 = Release|x64
		Release|x86 = Release|x86
	EndGlobalSection
	GlobalSection(ProjectConfigurationPlatforms) = postSolution
		{5FEA64E3-BCAB-4373-9377-913028DCC37E}.Debug|Any CPU.ActiveCfg = Debug|Any CPU
		{5FEA64E3-BCAB-4373-9377-913028DCC37E}.Debug|Any CPU.Build.0 = Debug|Any CPU
		{5FEA64E3-BCAB-4373-9377-913028DCC37E}.Debug|x64.ActiveCfg = Debug|Any CPU
		{5FEA64E3-BCAB-4373-9377-913028DCC37E}.Debug|x64.Build.0 = Debug|Any CPU
		{5FEA64E3-BCAB-4373-9377-913028DCC37E}.Debug|x86.ActiveCfg = Debug|Any CPU
		{5FEA64E3-BCAB-4373-9377-913028DCC37E}.Debug|x86.Build.0 = Debug|Any CPU
		{5FEA64E3-BCAB-4373-9377-913028DCC37E}.Release|Any CPU.ActiveCfg = Release|Any CPU
		{5FEA64E3-BCAB-4373-9377-913028DCC37E}.Release|Any CPU.Build.0 = Release|Any CPU
		{5FEA64E3-BCAB-4373-9377-913028DCC37E}.Release|x64.ActiveCfg = Release|Any CPU
		{5FEA64E3-BCAB-4373-9377-913028DCC37E}.Release|x64.Build.0 = Release|Any CPU
		{5FEA64E3-BCAB-4373-9377-913028DCC37E}.Release|x86.ActiveCfg = Release|Any CPU
		{5FEA64E3-BCAB-4373-9377-913028DCC37E}.Release|x86.Build.0 = Release|Any CPU
		{9F7B747A-033E-4FCA-ACE1-CC0C4FE6F76F}.Debug|Any CPU.ActiveCfg = Debug|Any CPU
		{9F7B747A-033E-4FCA-ACE1-CC0C4FE6F76F}.Debug|Any CPU.Build.0 = Debug|Any CPU
		{9F7B747A-033E-4FCA-ACE1-CC0C4FE6F76F}.Debug|x64.ActiveCfg = Debug|Any CPU
		{9F7B747A-033E-4FCA-ACE1-CC0C4FE6F76F}.Debug|x64.Build.0 = Debug|Any CPU
		{9F7B747A-033E-4FCA-ACE1-CC0C4FE6F76F}.Debug|x86.ActiveCfg = Debug|Any CPU
		{9F7B747A-033E-4FCA-ACE1-CC0C4FE6F76F}.Debug|x86.Build.0 = Debug|Any CPU
		{9F7B747A-033E-4FCA-ACE1-CC0C4FE6F76F}.Release|Any CPU.ActiveCfg = Release|Any CPU
		{9F7B747A-033E-4FCA-ACE1-CC0C4FE6F76F}.Release|Any CPU.Build.0 = Release|Any CPU
		{9F7B747A-033E-4FCA-ACE1-CC0C4FE6F76F}.Release|x64.ActiveCfg = Release|Any CPU
		{9F7B747A-033E-4FCA-ACE1-CC0C4FE6F76F}.Release|x64.Build.0 = Release|Any CPU
		{9F7B747A-033E-4FCA-ACE1-CC0C4FE6F76F}.Release|x86.ActiveCfg = Release|Any CPU
		{9F7B747A-033E-4FCA-ACE1-CC0C4FE6F76F}.Release|x86.Build.0 = Release|Any CPU
		{9C2B4FFD-BAF1-49CB-8DB5-A9AC2B636B69}.Debug|Any CPU.ActiveCfg = Debug|Any CPU
		{9C2B4FFD-BAF1-49CB-8DB5-A9AC2B636B69}.Debug|Any CPU.Build.0 = Debug|Any CPU
		{9C2B4FFD-BAF1-49CB-8DB5-A9AC2B636B69}.Debug|x64.ActiveCfg = Debug|Any CPU
		{9C2B4FFD-BAF1-49CB-8DB5-A9AC2B636B69}.Debug|x64.Build.0 = Debug|Any CPU
		{9C2B4FFD-BAF1-49CB-8DB5-A9AC2B636B69}.Debug|x86.ActiveCfg = Debug|Any CPU
		{9C2B4FFD-BAF1-49CB-8DB5-A9AC2B636B69}.Debug|x86.Build.0 = Debug|Any CPU
		{9C2B4FFD-BAF1-49CB-8DB5-A9AC2B636B69}.Release|Any CPU.ActiveCfg = Release|Any CPU
		{9C2B4FFD-BAF1-49CB-8DB5-A9AC2B636B69}.Release|Any CPU.Build.0 = Release|Any CPU
		{9C2B4FFD-BAF1-49CB-8DB5-A9AC2B636B69}.Release|x64.ActiveCfg = Release|Any CPU
		{9C2B4FFD-BAF1-49CB-8DB5-A9AC2B636B69}.Release|x64.Build.0 = Release|Any CPU
		{9C2B4FFD-BAF1-49CB-8DB5-A9AC2B636B69}.Release|x86.ActiveCfg = Release|Any CPU
		{9C2B4FFD-BAF1-49CB-8DB5-A9AC2B636B69}.Release|x86.Build.0 = Release|Any CPU
	EndGlobalSection
	GlobalSection(SolutionProperties) = preSolution
		HideSolutionNode = FALSE
	EndGlobalSection
	GlobalSection(NestedProjects) = preSolution
		{5FEA64E3-BCAB-4373-9377-913028DCC37E} = {827E0CD3-B72D-47B6-A68D-7590B98EB39B}
		{9F7B747A-033E-4FCA-ACE1-CC0C4FE6F76F} = {0AB3BF05-4346-4AA6-1389-037BE0695223}
		{9C2B4FFD-BAF1-49CB-8DB5-A9AC2B636B69} = {827E0CD3-B72D-47B6-A68D-7590B98EB39B}
	EndGlobalSection
EndGlobal
