
Microsoft Visual Studio Solution File, Format Version 12.00
# Visual Studio Version 17
VisualStudioVersion = 17.0.31903.59
MinimumVisualStudioVersion = 10.0.40219.1
Project("{2150E333-8FDC-42A3-9474-1A3956D46DE8}") = "src", "src", "{827E0CD3-B72D-47B6-A68D-7590B98EB39B}"
EndProject
Project("{FAE04EC0-301F-11D3-BF4B-00C04F79EFBC}") = "TimelineAnimations.App", "src\TimelineAnimations.App\TimelineAnimations.App.csproj", "{5FEA64E3-BCAB-4373-9377-913028DCC37E}"
EndProject
Project("{2150E333-8FDC-42A3-9474-1A3956D46DE8}") = "tests", "tests", "{0AB3BF05-4346-4AA6-1389-037BE0695223}"
EndProject
Project("{FAE04EC0-301F-11D3-BF4B-00C04F79EFBC}") = "TimelineAnimations.App.Tests", "tests\TimelineAnimations.App.Tests\TimelineAnimations.App.Tests.csproj", "{9F7B747A-033E-4FCA-ACE1-CC0C4FE6F76F}"
EndProject
Project("{FAE04EC0-301F-11D3-BF4B-00C04F79EFBC}") = "TimelineAnimations.Core", "src\TimelineAnimations.Core\TimelineAnimations.Core.csproj", "{9C2B4FFD-BAF1-49CB-8DB5-A9AC2B636B69}"
EndProject
Project("{FAE04EC0-301F-11D3-BF4B-00C04F79EFBC}") = "TimelineAnimations.FlashFormats", "src\TimelineAnimations.FlashFormats\TimelineAnimations.FlashFormats.csproj", "{AF100BE1-F271-48B7-A03C-A377D10E9F05}"
EndProject
Project("{FAE04EC0-301F-11D3-BF4B-00C04F79EFBC}") = "TimelineAnimations.Rendering", "src\TimelineAnimations.Rendering\TimelineAnimations.Rendering.csproj", "{0B8FD9FF-708C-47DC-B366-F6F504F2526E}"
EndProject
Project("{FAE04EC0-301F-11D3-BF4B-00C04F79EFBC}") = "TimelineAnimations.Rendering.Avalonia", "src\TimelineAnimations.Rendering.Avalonia\TimelineAnimations.Rendering.Avalonia.csproj", "{547F71E6-D451-420B-AB93-82D28BF012D2}"
EndProject
Project("{FAE04EC0-301F-11D3-BF4B-00C04F79EFBC}") = "TimelineAnimations.Rendering.SkiaSharp", "src\TimelineAnimations.Rendering.SkiaSharp\TimelineAnimations.Rendering.SkiaSharp.csproj", "{DBE3C2AD-EBDA-45F3-8CAB-D85333A49EE1}"
EndProject
Project("{FAE04EC0-301F-11D3-BF4B-00C04F79EFBC}") = "TimelineAnimations.Controls", "src\TimelineAnimations.Controls\TimelineAnimations.Controls.csproj", "{70F38C11-A2AB-4F81-8BC9-EAD3891953E6}"
EndProject
Project("{FAE04EC0-301F-11D3-BF4B-00C04F79EFBC}") = "TimelineAnimations.Interop", "src\TimelineAnimations.Interop\TimelineAnimations.Interop.csproj", "{A84607DD-DB35-4A88-B826-9E3C7C7389D7}"
EndProject
Project("{FAE04EC0-301F-11D3-BF4B-00C04F79EFBC}") = "TimelineAnimations.AppServices", "src\TimelineAnimations.AppServices\TimelineAnimations.AppServices.csproj", "{EBAEDC07-5CCE-46C1-9E79-2C730DBA23E5}"
EndProject
Project("{2150E333-8FDC-42A3-9474-1A3956D46DE8}") = "benchmarks", "benchmarks", "{66320409-64EC-F7C5-3DEF-65E7510DAAD1}"
EndProject
Project("{FAE04EC0-301F-11D3-BF4B-00C04F79EFBC}") = "TimelineAnimations.Benchmarks", "benchmarks\TimelineAnimations.Benchmarks\TimelineAnimations.Benchmarks.csproj", "{ED48F68F-89EA-4254-931C-3F04D3B55E46}"
EndProject
Project("{FAE04EC0-301F-11D3-BF4B-00C04F79EFBC}") = "TimelineAnimations.Presentation", "src\TimelineAnimations.Presentation\TimelineAnimations.Presentation.csproj", "{BEBE4E60-8084-4E15-A559-967EF88CEF6C}"
EndProject
Global
	GlobalSection(SolutionConfigurationPlatforms) = preSolution
		Debug|Any CPU = Debug|Any CPU
		Debug|x64 = Debug|x64
		Debug|x86 = Debug|x86
		Release|Any CPU = Release|Any CPU
		Release|x64 = Release|x64
		Release|x86 = Release|x86
	EndGlobalSection
	GlobalSection(ProjectConfigurationPlatforms) = postSolution
		{5FEA64E3-BCAB-4373-9377-913028DCC37E}.Debug|Any CPU.ActiveCfg = Debug|Any CPU
		{5FEA64E3-BCAB-4373-9377-913028DCC37E}.Debug|Any CPU.Build.0 = Debug|Any CPU
		{5FEA64E3-BCAB-4373-9377-913028DCC37E}.Debug|x64.ActiveCfg = Debug|Any CPU
		{5FEA64E3-BCAB-4373-9377-913028DCC37E}.Debug|x64.Build.0 = Debug|Any CPU
		{5FEA64E3-BCAB-4373-9377-913028DCC37E}.Debug|x86.ActiveCfg = Debug|Any CPU
		{5FEA64E3-BCAB-4373-9377-913028DCC37E}.Debug|x86.Build.0 = Debug|Any CPU
		{5FEA64E3-BCAB-4373-9377-913028DCC37E}.Release|Any CPU.ActiveCfg = Release|Any CPU
		{5FEA64E3-BCAB-4373-9377-913028DCC37E}.Release|Any CPU.Build.0 = Release|Any CPU
		{5FEA64E3-BCAB-4373-9377-913028DCC37E}.Release|x64.ActiveCfg = Release|Any CPU
		{5FEA64E3-BCAB-4373-9377-913028DCC37E}.Release|x64.Build.0 = Release|Any CPU
		{5FEA64E3-BCAB-4373-9377-913028DCC37E}.Release|x86.ActiveCfg = Release|Any CPU
		{5FEA64E3-BCAB-4373-9377-913028DCC37E}.Release|x86.Build.0 = Release|Any CPU
		{9F7B747A-033E-4FCA-ACE1-CC0C4FE6F76F}.Debug|Any CPU.ActiveCfg = Debug|Any CPU
		{9F7B747A-033E-4FCA-ACE1-CC0C4FE6F76F}.Debug|Any CPU.Build.0 = Debug|Any CPU
		{9F7B747A-033E-4FCA-ACE1-CC0C4FE6F76F}.Debug|x64.ActiveCfg = Debug|Any CPU
		{9F7B747A-033E-4FCA-ACE1-CC0C4FE6F76F}.Debug|x64.Build.0 = Debug|Any CPU
		{9F7B747A-033E-4FCA-ACE1-CC0C4FE6F76F}.Debug|x86.ActiveCfg = Debug|Any CPU
		{9F7B747A-033E-4FCA-ACE1-CC0C4FE6F76F}.Debug|x86.Build.0 = Debug|Any CPU
		{9F7B747A-033E-4FCA-ACE1-CC0C4FE6F76F}.Release|Any CPU.ActiveCfg = Release|Any CPU
		{9F7B747A-033E-4FCA-ACE1-CC0C4FE6F76F}.Release|Any CPU.Build.0 = Release|Any CPU
		{9F7B747A-033E-4FCA-ACE1-CC0C4FE6F76F}.Release|x64.ActiveCfg = Release|Any CPU
		{9F7B747A-033E-4FCA-ACE1-CC0C4FE6F76F}.Release|x64.Build.0 = Release|Any CPU
		{9F7B747A-033E-4FCA-ACE1-CC0C4FE6F76F}.Release|x86.ActiveCfg = Release|Any CPU
		{9F7B747A-033E-4FCA-ACE1-CC0C4FE6F76F}.Release|x86.Build.0 = Release|Any CPU
		{9C2B4FFD-BAF1-49CB-8DB5-A9AC2B636B69}.Debug|Any CPU.ActiveCfg = Debug|Any CPU
		{9C2B4FFD-BAF1-49CB-8DB5-A9AC2B636B69}.Debug|Any CPU.Build.0 = Debug|Any CPU
		{9C2B4FFD-BAF1-49CB-8DB5-A9AC2B636B69}.Debug|x64.ActiveCfg = Debug|Any CPU
		{9C2B4FFD-BAF1-49CB-8DB5-A9AC2B636B69}.Debug|x64.Build.0 = Debug|Any CPU
		{9C2B4FFD-BAF1-49CB-8DB5-A9AC2B636B69}.Debug|x86.ActiveCfg = Debug|Any CPU
		{9C2B4FFD-BAF1-49CB-8DB5-A9AC2B636B69}.Debug|x86.Build.0 = Debug|Any CPU
		{9C2B4FFD-BAF1-49CB-8DB5-A9AC2B636B69}.Release|Any CPU.ActiveCfg = Release|Any CPU
		{9C2B4FFD-BAF1-49CB-8DB5-A9AC2B636B69}.Release|Any CPU.Build.0 = Release|Any CPU
		{9C2B4FFD-BAF1-49CB-8DB5-A9AC2B636B69}.Release|x64.ActiveCfg = Release|Any CPU
		{9C2B4FFD-BAF1-49CB-8DB5-A9AC2B636B69}.Release|x64.Build.0 = Release|Any CPU
		{9C2B4FFD-BAF1-49CB-8DB5-A9AC2B636B69}.Release|x86.ActiveCfg = Release|Any CPU
		{9C2B4FFD-BAF1-49CB-8DB5-A9AC2B636B69}.Release|x86.Build.0 = Release|Any CPU
		{AF100BE1-F271-48B7-A03C-A377D10E9F05}.Debug|Any CPU.ActiveCfg = Debug|Any CPU
		{AF100BE1-F271-48B7-A03C-A377D10E9F05}.Debug|Any CPU.Build.0 = Debug|Any CPU
		{AF100BE1-F271-48B7-A03C-A377D10E9F05}.Debug|x64.ActiveCfg = Debug|Any CPU
		{AF100BE1-F271-48B7-A03C-A377D10E9F05}.Debug|x64.Build.0 = Debug|Any CPU
		{AF100BE1-F271-48B7-A03C-A377D10E9F05}.Debug|x86.ActiveCfg = Debug|Any CPU
		{AF100BE1-F271-48B7-A03C-A377D10E9F05}.Debug|x86.Build.0 = Debug|Any CPU
		{AF100BE1-F271-48B7-A03C-A377D10E9F05}.Release|Any CPU.ActiveCfg = Release|Any CPU
		{AF100BE1-F271-48B7-A03C-A377D10E9F05}.Release|Any CPU.Build.0 = Release|Any CPU
		{AF100BE1-F271-48B7-A03C-A377D10E9F05}.Release|x64.ActiveCfg = Release|Any CPU
		{AF100BE1-F271-48B7-A03C-A377D10E9F05}.Release|x64.Build.0 = Release|Any CPU
		{AF100BE1-F271-48B7-A03C-A377D10E9F05}.Release|x86.ActiveCfg = Release|Any CPU
		{AF100BE1-F271-48B7-A03C-A377D10E9F05}.Release|x86.Build.0 = Release|Any CPU
		{0B8FD9FF-708C-47DC-B366-F6F504F2526E}.Debug|Any CPU.ActiveCfg = Debug|Any CPU
		{0B8FD9FF-708C-47DC-B366-F6F504F2526E}.Debug|Any CPU.Build.0 = Debug|Any CPU
		{0B8FD9FF-708C-47DC-B366-F6F504F2526E}.Debug|x64.ActiveCfg = Debug|Any CPU
		{0B8FD9FF-708C-47DC-B366-F6F504F2526E}.Debug|x64.Build.0 = Debug|Any CPU
		{0B8FD9FF-708C-47DC-B366-F6F504F2526E}.Debug|x86.ActiveCfg = Debug|Any CPU
		{0B8FD9FF-708C-47DC-B366-F6F504F2526E}.Debug|x86.Build.0 = Debug|Any CPU
		{0B8FD9FF-708C-47DC-B366-F6F504F2526E}.Release|Any CPU.ActiveCfg = Release|Any CPU
		{0B8FD9FF-708C-47DC-B366-F6F504F2526E}.Release|Any CPU.Build.0 = Release|Any CPU
		{0B8FD9FF-708C-47DC-B366-F6F504F2526E}.Release|x64.ActiveCfg = Release|Any CPU
		{0B8FD9FF-708C-47DC-B366-F6F504F2526E}.Release|x64.Build.0 = Release|Any CPU
		{0B8FD9FF-708C-47DC-B366-F6F504F2526E}.Release|x86.ActiveCfg = Release|Any CPU
		{0B8FD9FF-708C-47DC-B366-F6F504F2526E}.Release|x86.Build.0 = Release|Any CPU
		{547F71E6-D451-420B-AB93-82D28BF012D2}.Debug|Any CPU.ActiveCfg = Debug|Any CPU
		{547F71E6-D451-420B-AB93-82D28BF012D2}.Debug|Any CPU.Build.0 = Debug|Any CPU
		{547F71E6-D451-420B-AB93-82D28BF012D2}.Debug|x64.ActiveCfg = Debug|Any CPU
		{547F71E6-D451-420B-AB93-82D28BF012D2}.Debug|x64.Build.0 = Debug|Any CPU
		{547F71E6-D451-420B-AB93-82D28BF012D2}.Debug|x86.ActiveCfg = Debug|Any CPU
		{547F71E6-D451-420B-AB93-82D28BF012D2}.Debug|x86.Build.0 = Debug|Any CPU
		{547F71E6-D451-420B-AB93-82D28BF012D2}.Release|Any CPU.ActiveCfg = Release|Any CPU
		{547F71E6-D451-420B-AB93-82D28BF012D2}.Release|Any CPU.Build.0 = Release|Any CPU
		{547F71E6-D451-420B-AB93-82D28BF012D2}.Release|x64.ActiveCfg = Release|Any CPU
		{547F71E6-D451-420B-AB93-82D28BF012D2}.Release|x64.Build.0 = Release|Any CPU
		{547F71E6-D451-420B-AB93-82D28BF012D2}.Release|x86.ActiveCfg = Release|Any CPU
		{547F71E6-D451-420B-AB93-82D28BF012D2}.Release|x86.Build.0 = Release|Any CPU
		{DBE3C2AD-EBDA-45F3-8CAB-D85333A49EE1}.Debug|Any CPU.ActiveCfg = Debug|Any CPU
		{DBE3C2AD-EBDA-45F3-8CAB-D85333A49EE1}.Debug|Any CPU.Build.0 = Debug|Any CPU
		{DBE3C2AD-EBDA-45F3-8CAB-D85333A49EE1}.Debug|x64.ActiveCfg = Debug|Any CPU
		{DBE3C2AD-EBDA-45F3-8CAB-D85333A49EE1}.Debug|x64.Build.0 = Debug|Any CPU
		{DBE3C2AD-EBDA-45F3-8CAB-D85333A49EE1}.Debug|x86.ActiveCfg = Debug|Any CPU
		{DBE3C2AD-EBDA-45F3-8CAB-D85333A49EE1}.Debug|x86.Build.0 = Debug|Any CPU
		{DBE3C2AD-EBDA-45F3-8CAB-D85333A49EE1}.Release|Any CPU.ActiveCfg = Release|Any CPU
		{DBE3C2AD-EBDA-45F3-8CAB-D85333A49EE1}.Release|Any CPU.Build.0 = Release|Any CPU
		{DBE3C2AD-EBDA-45F3-8CAB-D85333A49EE1}.Release|x64.ActiveCfg = Release|Any CPU
		{DBE3C2AD-EBDA-45F3-8CAB-D85333A49EE1}.Release|x64.Build.0 = Release|Any CPU
		{DBE3C2AD-EBDA-45F3-8CAB-D85333A49EE1}.Release|x86.ActiveCfg = Release|Any CPU
		{DBE3C2AD-EBDA-45F3-8CAB-D85333A49EE1}.Release|x86.Build.0 = Release|Any CPU
		{70F38C11-A2AB-4F81-8BC9-EAD3891953E6}.Debug|Any CPU.ActiveCfg = Debug|Any CPU
		{70F38C11-A2AB-4F81-8BC9-EAD3891953E6}.Debug|Any CPU.Build.0 = Debug|Any CPU
		{70F38C11-A2AB-4F81-8BC9-EAD3891953E6}.Debug|x64.ActiveCfg = Debug|Any CPU
		{70F38C11-A2AB-4F81-8BC9-EAD3891953E6}.Debug|x64.Build.0 = Debug|Any CPU
		{70F38C11-A2AB-4F81-8BC9-EAD3891953E6}.Debug|x86.ActiveCfg = Debug|Any CPU
		{70F38C11-A2AB-4F81-8BC9-EAD3891953E6}.Debug|x86.Build.0 = Debug|Any CPU
		{70F38C11-A2AB-4F81-8BC9-EAD3891953E6}.Release|Any CPU.ActiveCfg = Release|Any CPU
		{70F38C11-A2AB-4F81-8BC9-EAD3891953E6}.Release|Any CPU.Build.0 = Release|Any CPU
		{70F38C11-A2AB-4F81-8BC9-EAD3891953E6}.Release|x64.ActiveCfg = Release|Any CPU
		{70F38C11-A2AB-4F81-8BC9-EAD3891953E6}.Release|x64.Build.0 = Release|Any CPU
		{70F38C11-A2AB-4F81-8BC9-EAD3891953E6}.Release|x86.ActiveCfg = Release|Any CPU
		{70F38C11-A2AB-4F81-8BC9-EAD3891953E6}.Release|x86.Build.0 = Release|Any CPU
		{A84607DD-DB35-4A88-B826-9E3C7C7389D7}.Debug|Any CPU.ActiveCfg = Debug|Any CPU
		{A84607DD-DB35-4A88-B826-9E3C7C7389D7}.Debug|Any CPU.Build.0 = Debug|Any CPU
		{A84607DD-DB35-4A88-B826-9E3C7C7389D7}.Debug|x64.ActiveCfg = Debug|Any CPU
		{A84607DD-DB35-4A88-B826-9E3C7C7389D7}.Debug|x64.Build.0 = Debug|Any CPU
		{A84607DD-DB35-4A88-B826-9E3C7C7389D7}.Debug|x86.ActiveCfg = Debug|Any CPU
		{A84607DD-DB35-4A88-B826-9E3C7C7389D7}.Debug|x86.Build.0 = Debug|Any CPU
		{A84607DD-DB35-4A88-B826-9E3C7C7389D7}.Release|Any CPU.ActiveCfg = Release|Any CPU
		{A84607DD-DB35-4A88-B826-9E3C7C7389D7}.Release|Any CPU.Build.0 = Release|Any CPU
		{A84607DD-DB35-4A88-B826-9E3C7C7389D7}.Release|x64.ActiveCfg = Release|Any CPU
		{A84607DD-DB35-4A88-B826-9E3C7C7389D7}.Release|x64.Build.0 = Release|Any CPU
		{A84607DD-DB35-4A88-B826-9E3C7C7389D7}.Release|x86.ActiveCfg = Release|Any CPU
		{A84607DD-DB35-4A88-B826-9E3C7C7389D7}.Release|x86.Build.0 = Release|Any CPU
		{EBAEDC07-5CCE-46C1-9E79-2C730DBA23E5}.Debug|Any CPU.ActiveCfg = Debug|Any CPU
		{EBAEDC07-5CCE-46C1-9E79-2C730DBA23E5}.Debug|Any CPU.Build.0 = Debug|Any CPU
		{EBAEDC07-5CCE-46C1-9E79-2C730DBA23E5}.Debug|x64.ActiveCfg = Debug|Any CPU
		{EBAEDC07-5CCE-46C1-9E79-2C730DBA23E5}.Debug|x64.Build.0 = Debug|Any CPU
		{EBAEDC07-5CCE-46C1-9E79-2C730DBA23E5}.Debug|x86.ActiveCfg = Debug|Any CPU
		{EBAEDC07-5CCE-46C1-9E79-2C730DBA23E5}.Debug|x86.Build.0 = Debug|Any CPU
		{EBAEDC07-5CCE-46C1-9E79-2C730DBA23E5}.Release|Any CPU.ActiveCfg = Release|Any CPU
		{EBAEDC07-5CCE-46C1-9E79-2C730DBA23E5}.Release|Any CPU.Build.0 = Release|Any CPU
		{EBAEDC07-5CCE-46C1-9E79-2C730DBA23E5}.Release|x64.ActiveCfg = Release|Any CPU
		{EBAEDC07-5CCE-46C1-9E79-2C730DBA23E5}.Release|x64.Build.0 = Release|Any CPU
		{EBAEDC07-5CCE-46C1-9E79-2C730DBA23E5}.Release|x86.ActiveCfg = Release|Any CPU
		{EBAEDC07-5CCE-46C1-9E79-2C730DBA23E5}.Release|x86.Build.0 = Release|Any CPU
		{ED48F68F-89EA-4254-931C-3F04D3B55E46}.Debug|Any CPU.ActiveCfg = Debug|Any CPU
		{ED48F68F-89EA-4254-931C-3F04D3B55E46}.Debug|Any CPU.Build.0 = Debug|Any CPU
		{ED48F68F-89EA-4254-931C-3F04D3B55E46}.Debug|x64.ActiveCfg = Debug|Any CPU
		{ED48F68F-89EA-4254-931C-3F04D3B55E46}.Debug|x64.Build.0 = Debug|Any CPU
		{ED48F68F-89EA-4254-931C-3F04D3B55E46}.Debug|x86.ActiveCfg = Debug|Any CPU
		{ED48F68F-89EA-4254-931C-3F04D3B55E46}.Debug|x86.Build.0 = Debug|Any CPU
		{ED48F68F-89EA-4254-931C-3F04D3B55E46}.Release|Any CPU.ActiveCfg = Release|Any CPU
		{ED48F68F-89EA-4254-931C-3F04D3B55E46}.Release|Any CPU.Build.0 = Release|Any CPU
		{ED48F68F-89EA-4254-931C-3F04D3B55E46}.Release|x64.ActiveCfg = Release|Any CPU
		{ED48F68F-89EA-4254-931C-3F04D3B55E46}.Release|x64.Build.0 = Release|Any CPU
		{ED48F68F-89EA-4254-931C-3F04D3B55E46}.Release|x86.ActiveCfg = Release|Any CPU
		{ED48F68F-89EA-4254-931C-3F04D3B55E46}.Release|x86.Build.0 = Release|Any CPU
		{BEBE4E60-8084-4E15-A559-967EF88CEF6C}.Debug|Any CPU.ActiveCfg = Debug|Any CPU
		{BEBE4E60-8084-4E15-A559-967EF88CEF6C}.Debug|Any CPU.Build.0 = Debug|Any CPU
		{BEBE4E60-8084-4E15-A559-967EF88CEF6C}.Debug|x64.ActiveCfg = Debug|Any CPU
		{BEBE4E60-8084-4E15-A559-967EF88CEF6C}.Debug|x64.Build.0 = Debug|Any CPU
		{BEBE4E60-8084-4E15-A559-967EF88CEF6C}.Debug|x86.ActiveCfg = Debug|Any CPU
		{BEBE4E60-8084-4E15-A559-967EF88CEF6C}.Debug|x86.Build.0 = Debug|Any CPU
		{BEBE4E60-8084-4E15-A559-967EF88CEF6C}.Release|Any CPU.ActiveCfg = Release|Any CPU
		{BEBE4E60-8084-4E15-A559-967EF88CEF6C}.Release|Any CPU.Build.0 = Release|Any CPU
		{BEBE4E60-8084-4E15-A559-967EF88CEF6C}.Release|x64.ActiveCfg = Release|Any CPU
		{BEBE4E60-8084-4E15-A559-967EF88CEF6C}.Release|x64.Build.0 = Release|Any CPU
		{BEBE4E60-8084-4E15-A559-967EF88CEF6C}.Release|x86.ActiveCfg = Release|Any CPU
		{BEBE4E60-8084-4E15-A559-967EF88CEF6C}.Release|x86.Build.0 = Release|Any CPU
	EndGlobalSection
	GlobalSection(SolutionProperties) = preSolution
		HideSolutionNode = FALSE
	EndGlobalSection
	GlobalSection(NestedProjects) = preSolution
		{5FEA64E3-BCAB-4373-9377-913028DCC37E} = {827E0CD3-B72D-47B6-A68D-7590B98EB39B}
		{9F7B747A-033E-4FCA-ACE1-CC0C4FE6F76F} = {0AB3BF05-4346-4AA6-1389-037BE0695223}
		{9C2B4FFD-BAF1-49CB-8DB5-A9AC2B636B69} = {827E0CD3-B72D-47B6-A68D-7590B98EB39B}
		{AF100BE1-F271-48B7-A03C-A377D10E9F05} = {827E0CD3-B72D-47B6-A68D-7590B98EB39B}
		{0B8FD9FF-708C-47DC-B366-F6F504F2526E} = {827E0CD3-B72D-47B6-A68D-7590B98EB39B}
		{547F71E6-D451-420B-AB93-82D28BF012D2} = {827E0CD3-B72D-47B6-A68D-7590B98EB39B}
		{DBE3C2AD-EBDA-45F3-8CAB-D85333A49EE1} = {827E0CD3-B72D-47B6-A68D-7590B98EB39B}
		{70F38C11-A2AB-4F81-8BC9-EAD3891953E6} = {827E0CD3-B72D-47B6-A68D-7590B98EB39B}
		{A84607DD-DB35-4A88-B826-9E3C7C7389D7} = {827E0CD3-B72D-47B6-A68D-7590B98EB39B}
		{EBAEDC07-5CCE-46C1-9E79-2C730DBA23E5} = {827E0CD3-B72D-47B6-A68D-7590B98EB39B}
		{ED48F68F-89EA-4254-931C-3F04D3B55E46} = {66320409-64EC-F7C5-3DEF-65E7510DAAD1}
		{BEBE4E60-8084-4E15-A559-967EF88CEF6C} = {827E0CD3-B72D-47B6-A68D-7590B98EB39B}
	EndGlobalSection
EndGlobal
